// !$*UTF8*$!
{
	archiveVersion = 1;
	classes = {
	};
	objectVersion = 52;
	objects = {

/* Begin PBXBuildFile section */
		8B6AA76123042E370008C1D0 /* Swiftline.framework in Frameworks */ = {isa = PBXBuildFile; fileRef = "_____Product_Swiftline" /* Swiftline.framework */; };
		8B6AA78523042E910008C1D0 /* ArgsParser.swift in Sources */ = {isa = PBXBuildFile; fileRef = 8B6AA76923042E910008C1D0 /* ArgsParser.swift */; };
		8B6AA78623042E910008C1D0 /* AskSettings.swift in Sources */ = {isa = PBXBuildFile; fileRef = 8B6AA76A23042E910008C1D0 /* AskSettings.swift */; };
		8B6AA78723042E910008C1D0 /* CommandExecutor.swift in Sources */ = {isa = PBXBuildFile; fileRef = 8B6AA76B23042E910008C1D0 /* CommandExecutor.swift */; };
		8B6AA78823042E910008C1D0 /* Args.swift in Sources */ = {isa = PBXBuildFile; fileRef = 8B6AA76C23042E910008C1D0 /* Args.swift */; };
		8B6AA78923042E910008C1D0 /* Agree.swift in Sources */ = {isa = PBXBuildFile; fileRef = 8B6AA76D23042E910008C1D0 /* Agree.swift */; };
		8B6AA78A23042E910008C1D0 /* Argument.swift in Sources */ = {isa = PBXBuildFile; fileRef = 8B6AA76E23042E910008C1D0 /* Argument.swift */; };
		8B6AA78B23042E910008C1D0 /* StringStyleColorizer.swift in Sources */ = {isa = PBXBuildFile; fileRef = 8B6AA76F23042E910008C1D0 /* StringStyleColorizer.swift */; };
		8B6AA78C23042E910008C1D0 /* RunnerSettings.swift in Sources */ = {isa = PBXBuildFile; fileRef = 8B6AA77023042E910008C1D0 /* RunnerSettings.swift */; };
		8B6AA78D23042E910008C1D0 /* ArgConvertible.swift in Sources */ = {isa = PBXBuildFile; fileRef = 8B6AA77123042E910008C1D0 /* ArgConvertible.swift */; };
		8B6AA78E23042E910008C1D0 /* StringForegroundColorizer.swift in Sources */ = {isa = PBXBuildFile; fileRef = 8B6AA77223042E910008C1D0 /* StringForegroundColorizer.swift */; };
		8B6AA78F23042E910008C1D0 /* Choose.swift in Sources */ = {isa = PBXBuildFile; fileRef = 8B6AA77323042E910008C1D0 /* Choose.swift */; };
		8B6AA79023042E910008C1D0 /* StringStyle.swift in Sources */ = {isa = PBXBuildFile; fileRef = 8B6AA77423042E910008C1D0 /* StringStyle.swift */; };
		8B6AA79123042E910008C1D0 /* AgreeSettings.swift in Sources */ = {isa = PBXBuildFile; fileRef = 8B6AA77523042E910008C1D0 /* AgreeSettings.swift */; };
		8B6AA79223042E910008C1D0 /* PromptPrinter.swift in Sources */ = {isa = PBXBuildFile; fileRef = 8B6AA77623042E910008C1D0 /* PromptPrinter.swift */; };
		8B6AA79323042E910008C1D0 /* PromptSettings.swift in Sources */ = {isa = PBXBuildFile; fileRef = 8B6AA77723042E910008C1D0 /* PromptSettings.swift */; };
		8B6AA79423042E910008C1D0 /* ShortHandRunner.swift in Sources */ = {isa = PBXBuildFile; fileRef = 8B6AA77823042E910008C1D0 /* ShortHandRunner.swift */; };
		8B6AA79523042E910008C1D0 /* Env.swift in Sources */ = {isa = PBXBuildFile; fileRef = 8B6AA77923042E910008C1D0 /* Env.swift */; };
		8B6AA79623042E910008C1D0 /* Runner.swift in Sources */ = {isa = PBXBuildFile; fileRef = 8B6AA77A23042E910008C1D0 /* Runner.swift */; };
		8B6AA79723042E910008C1D0 /* ChooseSettings.swift in Sources */ = {isa = PBXBuildFile; fileRef = 8B6AA77B23042E910008C1D0 /* ChooseSettings.swift */; };
		8B6AA79823042E910008C1D0 /* Ask.swift in Sources */ = {isa = PBXBuildFile; fileRef = 8B6AA77C23042E910008C1D0 /* Ask.swift */; };
		8B6AA79923042E910008C1D0 /* PromptReader.swift in Sources */ = {isa = PBXBuildFile; fileRef = 8B6AA77D23042E910008C1D0 /* PromptReader.swift */; };
		8B6AA79A23042E910008C1D0 /* StringBackgroundColorizer.swift in Sources */ = {isa = PBXBuildFile; fileRef = 8B6AA77E23042E910008C1D0 /* StringBackgroundColorizer.swift */; };
		8B6AA79B23042E910008C1D0 /* Colorizer.swift in Sources */ = {isa = PBXBuildFile; fileRef = 8B6AA77F23042E910008C1D0 /* Colorizer.swift */; };
		8B6AA79C23042E910008C1D0 /* Glob.swift in Sources */ = {isa = PBXBuildFile; fileRef = 8B6AA78023042E910008C1D0 /* Glob.swift */; };
		8B6AA79D23042E910008C1D0 /* AskerValidator.swift in Sources */ = {isa = PBXBuildFile; fileRef = 8B6AA78123042E910008C1D0 /* AskerValidator.swift */; };
		8B6AA79E23042E910008C1D0 /* ProcessInfo.swift in Sources */ = {isa = PBXBuildFile; fileRef = 8B6AA78223042E910008C1D0 /* ProcessInfo.swift */; };
		8B6AA79F23042E910008C1D0 /* TaskPipe.swift in Sources */ = {isa = PBXBuildFile; fileRef = 8B6AA78323042E910008C1D0 /* TaskPipe.swift */; };
		8B6AA7A023042E910008C1D0 /* RunResults.swift in Sources */ = {isa = PBXBuildFile; fileRef = 8B6AA78423042E910008C1D0 /* RunResults.swift */; };
		8B6AA7AE23042EDE0008C1D0 /* RunnerTests.swift in Sources */ = {isa = PBXBuildFile; fileRef = 8B6AA7A123042EDD0008C1D0 /* RunnerTests.swift */; };
		8B6AA7AF23042EDE0008C1D0 /* AgreeSettingsTest.swift in Sources */ = {isa = PBXBuildFile; fileRef = 8B6AA7A223042EDD0008C1D0 /* AgreeSettingsTest.swift */; };
		8B6AA7B023042EDE0008C1D0 /* ArgsTests.swift in Sources */ = {isa = PBXBuildFile; fileRef = 8B6AA7A323042EDD0008C1D0 /* ArgsTests.swift */; };
		8B6AA7B323042EDE0008C1D0 /* ColorizerTest.swift in Sources */ = {isa = PBXBuildFile; fileRef = 8B6AA7A623042EDD0008C1D0 /* ColorizerTest.swift */; };
		8B6AA7B423042EDE0008C1D0 /* ChooseSettingsTests.swift in Sources */ = {isa = PBXBuildFile; fileRef = 8B6AA7A723042EDD0008C1D0 /* ChooseSettingsTests.swift */; };
		8B6AA7B523042EDE0008C1D0 /* AgreeTests.swift in Sources */ = {isa = PBXBuildFile; fileRef = 8B6AA7A823042EDD0008C1D0 /* AgreeTests.swift */; };
		8B6AA7B623042EDE0008C1D0 /* GlobTests.swift in Sources */ = {isa = PBXBuildFile; fileRef = 8B6AA7A923042EDE0008C1D0 /* GlobTests.swift */; };
		8B6AA7B723042EDE0008C1D0 /* AskTests.swift in Sources */ = {isa = PBXBuildFile; fileRef = 8B6AA7AA23042EDE0008C1D0 /* AskTests.swift */; };
		8B6AA7B823042EDE0008C1D0 /* AskSettingsTests.swift in Sources */ = {isa = PBXBuildFile; fileRef = 8B6AA7AB23042EDE0008C1D0 /* AskSettingsTests.swift */; };
		8B6AA7B923042EDE0008C1D0 /* ChooseTests.swift in Sources */ = {isa = PBXBuildFile; fileRef = 8B6AA7AC23042EDE0008C1D0 /* ChooseTests.swift */; };
		8B6AA7BA23042EDE0008C1D0 /* ENVTests.swift in Sources */ = {isa = PBXBuildFile; fileRef = 8B6AA7AD23042EDE0008C1D0 /* ENVTests.swift */; };
		8B6AA7C023042FD00008C1D0 /* Quick in Frameworks */ = {isa = PBXBuildFile; productRef = 8B6AA7BF23042FD00008C1D0 /* Quick */; };
		8B6AA7C323042FFF0008C1D0 /* Nimble in Frameworks */ = {isa = PBXBuildFile; productRef = 8B6AA7C223042FFF0008C1D0 /* Nimble */; };
/* End PBXBuildFile section */

/* Begin PBXContainerItemProxy section */
		8B6AA76223042E370008C1D0 /* PBXContainerItemProxy */ = {
			isa = PBXContainerItemProxy;
			containerPortal = __RootObject_ /* Project object */;
			proxyType = 1;
			remoteGlobalIDString = "______Target_Swiftline";
			remoteInfo = Swiftline;
		};
/* End PBXContainerItemProxy section */

/* Begin PBXFileReference section */
		8B6AA75C23042E370008C1D0 /* SwiftlineTests.xctest */ = {isa = PBXFileReference; explicitFileType = wrapper.cfbundle; includeInIndex = 0; path = SwiftlineTests.xctest; sourceTree = BUILT_PRODUCTS_DIR; };
		8B6AA76023042E370008C1D0 /* Info.plist */ = {isa = PBXFileReference; lastKnownFileType = text.plist.xml; path = Info.plist; sourceTree = "<group>"; };
		8B6AA76923042E910008C1D0 /* ArgsParser.swift */ = {isa = PBXFileReference; fileEncoding = 4; lastKnownFileType = sourcecode.swift; path = ArgsParser.swift; sourceTree = "<group>"; };
		8B6AA76A23042E910008C1D0 /* AskSettings.swift */ = {isa = PBXFileReference; fileEncoding = 4; lastKnownFileType = sourcecode.swift; path = AskSettings.swift; sourceTree = "<group>"; };
		8B6AA76B23042E910008C1D0 /* CommandExecutor.swift */ = {isa = PBXFileReference; fileEncoding = 4; lastKnownFileType = sourcecode.swift; path = CommandExecutor.swift; sourceTree = "<group>"; };
		8B6AA76C23042E910008C1D0 /* Args.swift */ = {isa = PBXFileReference; fileEncoding = 4; lastKnownFileType = sourcecode.swift; path = Args.swift; sourceTree = "<group>"; };
		8B6AA76D23042E910008C1D0 /* Agree.swift */ = {isa = PBXFileReference; fileEncoding = 4; lastKnownFileType = sourcecode.swift; path = Agree.swift; sourceTree = "<group>"; };
		8B6AA76E23042E910008C1D0 /* Argument.swift */ = {isa = PBXFileReference; fileEncoding = 4; lastKnownFileType = sourcecode.swift; path = Argument.swift; sourceTree = "<group>"; };
		8B6AA76F23042E910008C1D0 /* StringStyleColorizer.swift */ = {isa = PBXFileReference; fileEncoding = 4; lastKnownFileType = sourcecode.swift; path = StringStyleColorizer.swift; sourceTree = "<group>"; };
		8B6AA77023042E910008C1D0 /* RunnerSettings.swift */ = {isa = PBXFileReference; fileEncoding = 4; lastKnownFileType = sourcecode.swift; path = RunnerSettings.swift; sourceTree = "<group>"; };
		8B6AA77123042E910008C1D0 /* ArgConvertible.swift */ = {isa = PBXFileReference; fileEncoding = 4; lastKnownFileType = sourcecode.swift; path = ArgConvertible.swift; sourceTree = "<group>"; };
		8B6AA77223042E910008C1D0 /* StringForegroundColorizer.swift */ = {isa = PBXFileReference; fileEncoding = 4; lastKnownFileType = sourcecode.swift; path = StringForegroundColorizer.swift; sourceTree = "<group>"; };
		8B6AA77323042E910008C1D0 /* Choose.swift */ = {isa = PBXFileReference; fileEncoding = 4; lastKnownFileType = sourcecode.swift; path = Choose.swift; sourceTree = "<group>"; };
		8B6AA77423042E910008C1D0 /* StringStyle.swift */ = {isa = PBXFileReference; fileEncoding = 4; lastKnownFileType = sourcecode.swift; path = StringStyle.swift; sourceTree = "<group>"; };
		8B6AA77523042E910008C1D0 /* AgreeSettings.swift */ = {isa = PBXFileReference; fileEncoding = 4; lastKnownFileType = sourcecode.swift; path = AgreeSettings.swift; sourceTree = "<group>"; };
		8B6AA77623042E910008C1D0 /* PromptPrinter.swift */ = {isa = PBXFileReference; fileEncoding = 4; lastKnownFileType = sourcecode.swift; path = PromptPrinter.swift; sourceTree = "<group>"; };
		8B6AA77723042E910008C1D0 /* PromptSettings.swift */ = {isa = PBXFileReference; fileEncoding = 4; lastKnownFileType = sourcecode.swift; path = PromptSettings.swift; sourceTree = "<group>"; };
		8B6AA77823042E910008C1D0 /* ShortHandRunner.swift */ = {isa = PBXFileReference; fileEncoding = 4; lastKnownFileType = sourcecode.swift; path = ShortHandRunner.swift; sourceTree = "<group>"; };
		8B6AA77923042E910008C1D0 /* Env.swift */ = {isa = PBXFileReference; fileEncoding = 4; lastKnownFileType = sourcecode.swift; path = Env.swift; sourceTree = "<group>"; };
		8B6AA77A23042E910008C1D0 /* Runner.swift */ = {isa = PBXFileReference; fileEncoding = 4; lastKnownFileType = sourcecode.swift; path = Runner.swift; sourceTree = "<group>"; };
		8B6AA77B23042E910008C1D0 /* ChooseSettings.swift */ = {isa = PBXFileReference; fileEncoding = 4; lastKnownFileType = sourcecode.swift; path = ChooseSettings.swift; sourceTree = "<group>"; };
		8B6AA77C23042E910008C1D0 /* Ask.swift */ = {isa = PBXFileReference; fileEncoding = 4; lastKnownFileType = sourcecode.swift; path = Ask.swift; sourceTree = "<group>"; };
		8B6AA77D23042E910008C1D0 /* PromptReader.swift */ = {isa = PBXFileReference; fileEncoding = 4; lastKnownFileType = sourcecode.swift; path = PromptReader.swift; sourceTree = "<group>"; };
		8B6AA77E23042E910008C1D0 /* StringBackgroundColorizer.swift */ = {isa = PBXFileReference; fileEncoding = 4; lastKnownFileType = sourcecode.swift; path = StringBackgroundColorizer.swift; sourceTree = "<group>"; };
		8B6AA77F23042E910008C1D0 /* Colorizer.swift */ = {isa = PBXFileReference; fileEncoding = 4; lastKnownFileType = sourcecode.swift; path = Colorizer.swift; sourceTree = "<group>"; };
		8B6AA78023042E910008C1D0 /* Glob.swift */ = {isa = PBXFileReference; fileEncoding = 4; lastKnownFileType = sourcecode.swift; path = Glob.swift; sourceTree = "<group>"; };
		8B6AA78123042E910008C1D0 /* AskerValidator.swift */ = {isa = PBXFileReference; fileEncoding = 4; lastKnownFileType = sourcecode.swift; path = AskerValidator.swift; sourceTree = "<group>"; };
		8B6AA78223042E910008C1D0 /* ProcessInfo.swift */ = {isa = PBXFileReference; fileEncoding = 4; lastKnownFileType = sourcecode.swift; path = ProcessInfo.swift; sourceTree = "<group>"; };
		8B6AA78323042E910008C1D0 /* TaskPipe.swift */ = {isa = PBXFileReference; fileEncoding = 4; lastKnownFileType = sourcecode.swift; path = TaskPipe.swift; sourceTree = "<group>"; };
		8B6AA78423042E910008C1D0 /* RunResults.swift */ = {isa = PBXFileReference; fileEncoding = 4; lastKnownFileType = sourcecode.swift; path = RunResults.swift; sourceTree = "<group>"; };
		8B6AA7A123042EDD0008C1D0 /* RunnerTests.swift */ = {isa = PBXFileReference; fileEncoding = 4; lastKnownFileType = sourcecode.swift; path = RunnerTests.swift; sourceTree = "<group>"; };
		8B6AA7A223042EDD0008C1D0 /* AgreeSettingsTest.swift */ = {isa = PBXFileReference; fileEncoding = 4; lastKnownFileType = sourcecode.swift; path = AgreeSettingsTest.swift; sourceTree = "<group>"; };
		8B6AA7A323042EDD0008C1D0 /* ArgsTests.swift */ = {isa = PBXFileReference; fileEncoding = 4; lastKnownFileType = sourcecode.swift; path = ArgsTests.swift; sourceTree = "<group>"; };
		8B6AA7A623042EDD0008C1D0 /* ColorizerTest.swift */ = {isa = PBXFileReference; fileEncoding = 4; lastKnownFileType = sourcecode.swift; path = ColorizerTest.swift; sourceTree = "<group>"; };
		8B6AA7A723042EDD0008C1D0 /* ChooseSettingsTests.swift */ = {isa = PBXFileReference; fileEncoding = 4; lastKnownFileType = sourcecode.swift; path = ChooseSettingsTests.swift; sourceTree = "<group>"; };
		8B6AA7A823042EDD0008C1D0 /* AgreeTests.swift */ = {isa = PBXFileReference; fileEncoding = 4; lastKnownFileType = sourcecode.swift; path = AgreeTests.swift; sourceTree = "<group>"; };
		8B6AA7A923042EDE0008C1D0 /* GlobTests.swift */ = {isa = PBXFileReference; fileEncoding = 4; lastKnownFileType = sourcecode.swift; path = GlobTests.swift; sourceTree = "<group>"; };
		8B6AA7AA23042EDE0008C1D0 /* AskTests.swift */ = {isa = PBXFileReference; fileEncoding = 4; lastKnownFileType = sourcecode.swift; path = AskTests.swift; sourceTree = "<group>"; };
		8B6AA7AB23042EDE0008C1D0 /* AskSettingsTests.swift */ = {isa = PBXFileReference; fileEncoding = 4; lastKnownFileType = sourcecode.swift; path = AskSettingsTests.swift; sourceTree = "<group>"; };
		8B6AA7AC23042EDE0008C1D0 /* ChooseTests.swift */ = {isa = PBXFileReference; fileEncoding = 4; lastKnownFileType = sourcecode.swift; path = ChooseTests.swift; sourceTree = "<group>"; };
		8B6AA7AD23042EDE0008C1D0 /* ENVTests.swift */ = {isa = PBXFileReference; fileEncoding = 4; lastKnownFileType = sourcecode.swift; path = ENVTests.swift; sourceTree = "<group>"; };
		__PBXFileRef_Package.swift /* Package.swift */ = {isa = PBXFileReference; lastKnownFileType = sourcecode.swift; path = Package.swift; sourceTree = "<group>"; };
		__PBXFileRef_Swiftline.xcodeproj/Configs/Project.xcconfig /* Swiftline.xcodeproj/Configs/Project.xcconfig */ = {isa = PBXFileReference; lastKnownFileType = text.xcconfig; path = Swiftline.xcodeproj/Configs/Project.xcconfig; sourceTree = "<group>"; };
		"_____Product_Swiftline" /* Swiftline.framework */ = {isa = PBXFileReference; explicitFileType = wrapper.framework; path = Swiftline.framework; sourceTree = BUILT_PRODUCTS_DIR; };
/* End PBXFileReference section */

/* Begin PBXFrameworksBuildPhase section */
		8B6AA75923042E370008C1D0 /* Frameworks */ = {
			isa = PBXFrameworksBuildPhase;
			buildActionMask = 2147483647;
			files = (
				8B6AA7C323042FFF0008C1D0 /* Nimble in Frameworks */,
				8B6AA7C023042FD00008C1D0 /* Quick in Frameworks */,
				8B6AA76123042E370008C1D0 /* Swiftline.framework in Frameworks */,
			);
			runOnlyForDeploymentPostprocessing = 0;
		};
		"___LinkPhase_Swiftline" /* Frameworks */ = {
			isa = PBXFrameworksBuildPhase;
			buildActionMask = 0;
			files = (
			);
			runOnlyForDeploymentPostprocessing = 0;
		};
/* End PBXFrameworksBuildPhase section */

/* Begin PBXGroup section */
		8B6AA75D23042E370008C1D0 /* SwiftlineTests */ = {
			isa = PBXGroup;
			children = (
				8B6AA7A223042EDD0008C1D0 /* AgreeSettingsTest.swift */,
				8B6AA7A823042EDD0008C1D0 /* AgreeTests.swift */,
				8B6AA7A323042EDD0008C1D0 /* ArgsTests.swift */,
				8B6AA7AB23042EDE0008C1D0 /* AskSettingsTests.swift */,
				8B6AA7AA23042EDE0008C1D0 /* AskTests.swift */,
				8B6AA7A723042EDD0008C1D0 /* ChooseSettingsTests.swift */,
				8B6AA7AC23042EDE0008C1D0 /* ChooseTests.swift */,
				8B6AA7A623042EDD0008C1D0 /* ColorizerTest.swift */,
				8B6AA7AD23042EDE0008C1D0 /* ENVTests.swift */,
				8B6AA7A923042EDE0008C1D0 /* GlobTests.swift */,
				8B6AA7A123042EDD0008C1D0 /* RunnerTests.swift */,
				8B6AA76023042E370008C1D0 /* Info.plist */,
			);
			path = SwiftlineTests;
			sourceTree = "<group>";
		};
		8B6AA76723042E910008C1D0 /* Source */ = {
			isa = PBXGroup;
			children = (
				8B6AA76823042E910008C1D0 /* Swiftline */,
			);
			path = Source;
			sourceTree = "<group>";
		};
		8B6AA76823042E910008C1D0 /* Swiftline */ = {
			isa = PBXGroup;
			children = (
				8B6AA76923042E910008C1D0 /* ArgsParser.swift */,
				8B6AA76A23042E910008C1D0 /* AskSettings.swift */,
				8B6AA76B23042E910008C1D0 /* CommandExecutor.swift */,
				8B6AA76C23042E910008C1D0 /* Args.swift */,
				8B6AA76D23042E910008C1D0 /* Agree.swift */,
				8B6AA76E23042E910008C1D0 /* Argument.swift */,
				8B6AA76F23042E910008C1D0 /* StringStyleColorizer.swift */,
				8B6AA77023042E910008C1D0 /* RunnerSettings.swift */,
				8B6AA77123042E910008C1D0 /* ArgConvertible.swift */,
				8B6AA77223042E910008C1D0 /* StringForegroundColorizer.swift */,
				8B6AA77323042E910008C1D0 /* Choose.swift */,
				8B6AA77423042E910008C1D0 /* StringStyle.swift */,
				8B6AA77523042E910008C1D0 /* AgreeSettings.swift */,
				8B6AA77623042E910008C1D0 /* PromptPrinter.swift */,
				8B6AA77723042E910008C1D0 /* PromptSettings.swift */,
				8B6AA77823042E910008C1D0 /* ShortHandRunner.swift */,
				8B6AA77923042E910008C1D0 /* Env.swift */,
				8B6AA77A23042E910008C1D0 /* Runner.swift */,
				8B6AA77B23042E910008C1D0 /* ChooseSettings.swift */,
				8B6AA77C23042E910008C1D0 /* Ask.swift */,
				8B6AA77D23042E910008C1D0 /* PromptReader.swift */,
				8B6AA77E23042E910008C1D0 /* StringBackgroundColorizer.swift */,
				8B6AA77F23042E910008C1D0 /* Colorizer.swift */,
				8B6AA78023042E910008C1D0 /* Glob.swift */,
				8B6AA78123042E910008C1D0 /* AskerValidator.swift */,
				8B6AA78223042E910008C1D0 /* ProcessInfo.swift */,
				8B6AA78323042E910008C1D0 /* TaskPipe.swift */,
				8B6AA78423042E910008C1D0 /* RunResults.swift */,
			);
			path = Swiftline;
			sourceTree = "<group>";
		};
		8B6AA7BE23042FD00008C1D0 /* Frameworks */ = {
			isa = PBXGroup;
			children = (
			);
			name = Frameworks;
			sourceTree = "<group>";
		};
		"___RootGroup_" = {
			isa = PBXGroup;
			children = (
				__PBXFileRef_Package.swift /* Package.swift */,
				"_____Configs_" /* Configs */,
				8B6AA76723042E910008C1D0 /* Source */,
				8B6AA75D23042E370008C1D0 /* SwiftlineTests */,
				"____Products_" /* Products */,
				8B6AA7BE23042FD00008C1D0 /* Frameworks */,
			);
			sourceTree = "<group>";
		};
		"____Products_" /* Products */ = {
			isa = PBXGroup;
			children = (
				"_____Product_Swiftline" /* Swiftline.framework */,
				8B6AA75C23042E370008C1D0 /* SwiftlineTests.xctest */,
			);
			name = Products;
			sourceTree = "<group>";
		};
		"_____Configs_" /* Configs */ = {
			isa = PBXGroup;
			children = (
				__PBXFileRef_Swiftline.xcodeproj/Configs/Project.xcconfig /* Swiftline.xcodeproj/Configs/Project.xcconfig */,
			);
			name = Configs;
			sourceTree = "<group>";
		};
/* End PBXGroup section */

/* Begin PBXNativeTarget section */
		8B6AA75B23042E370008C1D0 /* SwiftlineTests */ = {
			isa = PBXNativeTarget;
			buildConfigurationList = 8B6AA76623042E370008C1D0 /* Build configuration list for PBXNativeTarget "SwiftlineTests" */;
			buildPhases = (
				8B6AA75823042E370008C1D0 /* Sources */,
				8B6AA75923042E370008C1D0 /* Frameworks */,
				8B6AA75A23042E370008C1D0 /* Resources */,
			);
			buildRules = (
			);
			dependencies = (
				8B6AA76323042E370008C1D0 /* PBXTargetDependency */,
			);
			name = SwiftlineTests;
			packageProductDependencies = (
				8B6AA7BF23042FD00008C1D0 /* Quick */,
				8B6AA7C223042FFF0008C1D0 /* Nimble */,
			);
			productName = SwiftlineTests;
			productReference = 8B6AA75C23042E370008C1D0 /* SwiftlineTests.xctest */;
			productType = "com.apple.product-type.bundle.unit-test";
		};
		"______Target_Swiftline" /* Swiftline */ = {
			isa = PBXNativeTarget;
			buildConfigurationList = "_______Confs_Swiftline" /* Build configuration list for PBXNativeTarget "Swiftline" */;
			buildPhases = (
				CompilePhase_Swiftline /* Sources */,
				"___LinkPhase_Swiftline" /* Frameworks */,
			);
			buildRules = (
			);
			dependencies = (
			);
			name = Swiftline;
			packageProductDependencies = (
			);
			productName = Swiftline;
			productReference = "_____Product_Swiftline" /* Swiftline.framework */;
			productType = "com.apple.product-type.framework";
		};
/* End PBXNativeTarget section */

/* Begin PBXProject section */
		__RootObject_ /* Project object */ = {
			isa = PBXProject;
			attributes = {
				LastSwiftUpdateCheck = 1100;
				LastUpgradeCheck = 9999;
				TargetAttributes = {
					8B6AA75B23042E370008C1D0 = {
						CreatedOnToolsVersion = 11.0;
					};
					"______Target_Swiftline" = {
						LastSwiftMigration = 0800;
					};
				};
			};
			buildConfigurationList = "___RootConfs_" /* Build configuration list for PBXProject "Swiftline" */;
			compatibilityVersion = "Xcode 3.2";
			developmentRegion = English;
			hasScannedForEncodings = 0;
			knownRegions = (
				English,
				en,
			);
			mainGroup = "___RootGroup_";
			packageReferences = (
				8B6AA7BB23042F8D0008C1D0 /* XCRemoteSwiftPackageReference "Quick" */,
				8B6AA7C123042FFF0008C1D0 /* XCRemoteSwiftPackageReference "Nimble" */,
			);
			productRefGroup = "____Products_" /* Products */;
			projectDirPath = "";
			projectRoot = "";
			targets = (
				"______Target_Swiftline" /* Swiftline */,
				8B6AA75B23042E370008C1D0 /* SwiftlineTests */,
			);
		};
/* End PBXProject section */

/* Begin PBXResourcesBuildPhase section */
		8B6AA75A23042E370008C1D0 /* Resources */ = {
			isa = PBXResourcesBuildPhase;
			buildActionMask = 2147483647;
			files = (
			);
			runOnlyForDeploymentPostprocessing = 0;
		};
/* End PBXResourcesBuildPhase section */

/* Begin PBXSourcesBuildPhase section */
		8B6AA75823042E370008C1D0 /* Sources */ = {
			isa = PBXSourcesBuildPhase;
			buildActionMask = 2147483647;
			files = (
				8B6AA7B523042EDE0008C1D0 /* AgreeTests.swift in Sources */,
				8B6AA7AE23042EDE0008C1D0 /* RunnerTests.swift in Sources */,
				8B6AA7B923042EDE0008C1D0 /* ChooseTests.swift in Sources */,
				8B6AA7B323042EDE0008C1D0 /* ColorizerTest.swift in Sources */,
				8B6AA7BA23042EDE0008C1D0 /* ENVTests.swift in Sources */,
				8B6AA7B023042EDE0008C1D0 /* ArgsTests.swift in Sources */,
				8B6AA7B623042EDE0008C1D0 /* GlobTests.swift in Sources */,
				8B6AA7AF23042EDE0008C1D0 /* AgreeSettingsTest.swift in Sources */,
				8B6AA7B423042EDE0008C1D0 /* ChooseSettingsTests.swift in Sources */,
				8B6AA7B823042EDE0008C1D0 /* AskSettingsTests.swift in Sources */,
				8B6AA7B723042EDE0008C1D0 /* AskTests.swift in Sources */,
			);
			runOnlyForDeploymentPostprocessing = 0;
		};
		CompilePhase_Swiftline /* Sources */ = {
			isa = PBXSourcesBuildPhase;
			buildActionMask = 0;
			files = (
				8B6AA78623042E910008C1D0 /* AskSettings.swift in Sources */,
				8B6AA79C23042E910008C1D0 /* Glob.swift in Sources */,
				8B6AA79F23042E910008C1D0 /* TaskPipe.swift in Sources */,
				8B6AA79B23042E910008C1D0 /* Colorizer.swift in Sources */,
				8B6AA79523042E910008C1D0 /* Env.swift in Sources */,
				8B6AA78523042E910008C1D0 /* ArgsParser.swift in Sources */,
				8B6AA79623042E910008C1D0 /* Runner.swift in Sources */,
				8B6AA78C23042E910008C1D0 /* RunnerSettings.swift in Sources */,
				8B6AA79323042E910008C1D0 /* PromptSettings.swift in Sources */,
				8B6AA79D23042E910008C1D0 /* AskerValidator.swift in Sources */,
				8B6AA79723042E910008C1D0 /* ChooseSettings.swift in Sources */,
				8B6AA79823042E910008C1D0 /* Ask.swift in Sources */,
				8B6AA79A23042E910008C1D0 /* StringBackgroundColorizer.swift in Sources */,
				8B6AA78923042E910008C1D0 /* Agree.swift in Sources */,
				8B6AA7A023042E910008C1D0 /* RunResults.swift in Sources */,
				8B6AA79423042E910008C1D0 /* ShortHandRunner.swift in Sources */,
				8B6AA79123042E910008C1D0 /* AgreeSettings.swift in Sources */,
				8B6AA78B23042E910008C1D0 /* StringStyleColorizer.swift in Sources */,
				8B6AA79223042E910008C1D0 /* PromptPrinter.swift in Sources */,
				8B6AA78F23042E910008C1D0 /* Choose.swift in Sources */,
				8B6AA78823042E910008C1D0 /* Args.swift in Sources */,
				8B6AA79923042E910008C1D0 /* PromptReader.swift in Sources */,
				8B6AA78A23042E910008C1D0 /* Argument.swift in Sources */,
				8B6AA79E23042E910008C1D0 /* ProcessInfo.swift in Sources */,
				8B6AA79023042E910008C1D0 /* StringStyle.swift in Sources */,
				8B6AA78E23042E910008C1D0 /* StringForegroundColorizer.swift in Sources */,
				8B6AA78D23042E910008C1D0 /* ArgConvertible.swift in Sources */,
				8B6AA78723042E910008C1D0 /* CommandExecutor.swift in Sources */,
			);
			runOnlyForDeploymentPostprocessing = 0;
		};
/* End PBXSourcesBuildPhase section */

/* Begin PBXTargetDependency section */
		8B6AA76323042E370008C1D0 /* PBXTargetDependency */ = {
			isa = PBXTargetDependency;
			target = "______Target_Swiftline" /* Swiftline */;
			targetProxy = 8B6AA76223042E370008C1D0 /* PBXContainerItemProxy */;
		};
/* End PBXTargetDependency section */

/* Begin XCBuildConfiguration section */
		8B6AA76423042E370008C1D0 /* Debug */ = {
			isa = XCBuildConfiguration;
			buildSettings = {
				ALWAYS_EMBED_SWIFT_STANDARD_LIBRARIES = YES;
				ALWAYS_SEARCH_USER_PATHS = NO;
				CLANG_ANALYZER_NONNULL = YES;
				CLANG_ANALYZER_NUMBER_OBJECT_CONVERSION = YES_AGGRESSIVE;
				CLANG_CXX_LANGUAGE_STANDARD = "gnu++14";
				CLANG_CXX_LIBRARY = "libc++";
				CLANG_ENABLE_MODULES = YES;
				CLANG_ENABLE_OBJC_ARC = YES;
				CLANG_ENABLE_OBJC_WEAK = YES;
				CLANG_WARN_BLOCK_CAPTURE_AUTORELEASING = YES;
				CLANG_WARN_BOOL_CONVERSION = YES;
				CLANG_WARN_COMMA = YES;
				CLANG_WARN_CONSTANT_CONVERSION = YES;
				CLANG_WARN_DEPRECATED_OBJC_IMPLEMENTATIONS = YES;
				CLANG_WARN_DIRECT_OBJC_ISA_USAGE = YES_ERROR;
				CLANG_WARN_DOCUMENTATION_COMMENTS = YES;
				CLANG_WARN_EMPTY_BODY = YES;
				CLANG_WARN_ENUM_CONVERSION = YES;
				CLANG_WARN_INFINITE_RECURSION = YES;
				CLANG_WARN_INT_CONVERSION = YES;
				CLANG_WARN_NON_LITERAL_NULL_CONVERSION = YES;
				CLANG_WARN_OBJC_IMPLICIT_RETAIN_SELF = YES;
				CLANG_WARN_OBJC_LITERAL_CONVERSION = YES;
				CLANG_WARN_OBJC_ROOT_CLASS = YES_ERROR;
				CLANG_WARN_RANGE_LOOP_ANALYSIS = YES;
				CLANG_WARN_STRICT_PROTOTYPES = YES;
				CLANG_WARN_SUSPICIOUS_MOVE = YES;
				CLANG_WARN_UNGUARDED_AVAILABILITY = YES_AGGRESSIVE;
				CLANG_WARN_UNREACHABLE_CODE = YES;
				CLANG_WARN__DUPLICATE_METHOD_MATCH = YES;
				CODE_SIGN_STYLE = Automatic;
				COMBINE_HIDPI_IMAGES = YES;
				COPY_PHASE_STRIP = NO;
				DEBUG_INFORMATION_FORMAT = dwarf;
				ENABLE_STRICT_OBJC_MSGSEND = YES;
				ENABLE_TESTABILITY = YES;
				GCC_C_LANGUAGE_STANDARD = gnu11;
				GCC_DYNAMIC_NO_PIC = NO;
				GCC_NO_COMMON_BLOCKS = YES;
				GCC_OPTIMIZATION_LEVEL = 0;
				GCC_PREPROCESSOR_DEFINITIONS = (
					"DEBUG=1",
					"$(inherited)",
				);
				GCC_WARN_64_TO_32_BIT_CONVERSION = YES;
				GCC_WARN_ABOUT_RETURN_TYPE = YES_ERROR;
				GCC_WARN_UNDECLARED_SELECTOR = YES;
				GCC_WARN_UNINITIALIZED_AUTOS = YES_AGGRESSIVE;
				GCC_WARN_UNUSED_FUNCTION = YES;
				GCC_WARN_UNUSED_VARIABLE = YES;
				INFOPLIST_FILE = SwiftlineTests/Info.plist;
				LD_RUNPATH_SEARCH_PATHS = (
					"$(inherited)",
					"@executable_path/../Frameworks",
					"@loader_path/../Frameworks",
				);
				MACOSX_DEPLOYMENT_TARGET = 10.15;
				MTL_ENABLE_DEBUG_INFO = INCLUDE_SOURCE;
				MTL_FAST_MATH = YES;
				ONLY_ACTIVE_ARCH = YES;
				PRODUCT_BUNDLE_IDENTIFIER = com.47deg.SwiftlineTests;
				PRODUCT_NAME = "$(TARGET_NAME)";
				SDKROOT = macosx;
				SWIFT_ACTIVE_COMPILATION_CONDITIONS = DEBUG;
				SWIFT_OPTIMIZATION_LEVEL = "-Onone";
				SWIFT_VERSION = 5.0;
			};
			name = Debug;
		};
		8B6AA76523042E370008C1D0 /* Release */ = {
			isa = XCBuildConfiguration;
			buildSettings = {
				ALWAYS_EMBED_SWIFT_STANDARD_LIBRARIES = YES;
				ALWAYS_SEARCH_USER_PATHS = NO;
				CLANG_ANALYZER_NONNULL = YES;
				CLANG_ANALYZER_NUMBER_OBJECT_CONVERSION = YES_AGGRESSIVE;
				CLANG_CXX_LANGUAGE_STANDARD = "gnu++14";
				CLANG_CXX_LIBRARY = "libc++";
				CLANG_ENABLE_MODULES = YES;
				CLANG_ENABLE_OBJC_ARC = YES;
				CLANG_ENABLE_OBJC_WEAK = YES;
				CLANG_WARN_BLOCK_CAPTURE_AUTORELEASING = YES;
				CLANG_WARN_BOOL_CONVERSION = YES;
				CLANG_WARN_COMMA = YES;
				CLANG_WARN_CONSTANT_CONVERSION = YES;
				CLANG_WARN_DEPRECATED_OBJC_IMPLEMENTATIONS = YES;
				CLANG_WARN_DIRECT_OBJC_ISA_USAGE = YES_ERROR;
				CLANG_WARN_DOCUMENTATION_COMMENTS = YES;
				CLANG_WARN_EMPTY_BODY = YES;
				CLANG_WARN_ENUM_CONVERSION = YES;
				CLANG_WARN_INFINITE_RECURSION = YES;
				CLANG_WARN_INT_CONVERSION = YES;
				CLANG_WARN_NON_LITERAL_NULL_CONVERSION = YES;
				CLANG_WARN_OBJC_IMPLICIT_RETAIN_SELF = YES;
				CLANG_WARN_OBJC_LITERAL_CONVERSION = YES;
				CLANG_WARN_OBJC_ROOT_CLASS = YES_ERROR;
				CLANG_WARN_RANGE_LOOP_ANALYSIS = YES;
				CLANG_WARN_STRICT_PROTOTYPES = YES;
				CLANG_WARN_SUSPICIOUS_MOVE = YES;
				CLANG_WARN_UNGUARDED_AVAILABILITY = YES_AGGRESSIVE;
				CLANG_WARN_UNREACHABLE_CODE = YES;
				CLANG_WARN__DUPLICATE_METHOD_MATCH = YES;
				CODE_SIGN_STYLE = Automatic;
				COMBINE_HIDPI_IMAGES = YES;
				COPY_PHASE_STRIP = NO;
				DEBUG_INFORMATION_FORMAT = "dwarf-with-dsym";
				ENABLE_NS_ASSERTIONS = NO;
				ENABLE_STRICT_OBJC_MSGSEND = YES;
				GCC_C_LANGUAGE_STANDARD = gnu11;
				GCC_NO_COMMON_BLOCKS = YES;
				GCC_WARN_64_TO_32_BIT_CONVERSION = YES;
				GCC_WARN_ABOUT_RETURN_TYPE = YES_ERROR;
				GCC_WARN_UNDECLARED_SELECTOR = YES;
				GCC_WARN_UNINITIALIZED_AUTOS = YES_AGGRESSIVE;
				GCC_WARN_UNUSED_FUNCTION = YES;
				GCC_WARN_UNUSED_VARIABLE = YES;
				INFOPLIST_FILE = SwiftlineTests/Info.plist;
				LD_RUNPATH_SEARCH_PATHS = (
					"$(inherited)",
					"@executable_path/../Frameworks",
					"@loader_path/../Frameworks",
				);
				MACOSX_DEPLOYMENT_TARGET = 10.15;
				MTL_ENABLE_DEBUG_INFO = NO;
				MTL_FAST_MATH = YES;
				PRODUCT_BUNDLE_IDENTIFIER = com.47deg.SwiftlineTests;
				PRODUCT_NAME = "$(TARGET_NAME)";
				SDKROOT = macosx;
				SWIFT_COMPILATION_MODE = wholemodule;
				SWIFT_OPTIMIZATION_LEVEL = "-O";
				SWIFT_VERSION = 5.0;
			};
			name = Release;
		};
		_ReleaseConf_Swiftline /* Release */ = {
			isa = XCBuildConfiguration;
			buildSettings = {
				ENABLE_TESTABILITY = YES;
				FRAMEWORK_SEARCH_PATHS = "$(PLATFORM_DIR)/Developer/Library/Frameworks";
				INFOPLIST_FILE = Swiftline.xcodeproj/Swiftline_Info.plist;
				LD_RUNPATH_SEARCH_PATHS = "$(TOOLCHAIN_DIR)/usr/lib/swift/macosx";
				OTHER_LDFLAGS = "$(inherited)";
				OTHER_SWIFT_FLAGS = "$(inherited)";
				PRODUCT_BUNDLE_IDENTIFIER = Swiftline;
				PRODUCT_MODULE_NAME = "$(TARGET_NAME:c99extidentifier)";
				PRODUCT_NAME = "$(TARGET_NAME:c99extidentifier)";
				SWIFT_VERSION = 5.0;
			};
			name = Release;
		};
		"___DebugConf_Swiftline" /* Debug */ = {
			isa = XCBuildConfiguration;
			buildSettings = {
				ENABLE_TESTABILITY = YES;
				FRAMEWORK_SEARCH_PATHS = "$(PLATFORM_DIR)/Developer/Library/Frameworks";
				INFOPLIST_FILE = Swiftline.xcodeproj/Swiftline_Info.plist;
				LD_RUNPATH_SEARCH_PATHS = "$(TOOLCHAIN_DIR)/usr/lib/swift/macosx";
				OTHER_LDFLAGS = "$(inherited)";
				OTHER_SWIFT_FLAGS = "$(inherited)";
				PRODUCT_BUNDLE_IDENTIFIER = Swiftline;
				PRODUCT_MODULE_NAME = "$(TARGET_NAME:c99extidentifier)";
				PRODUCT_NAME = "$(TARGET_NAME:c99extidentifier)";
				SWIFT_OPTIMIZATION_LEVEL = "-Onone";
				SWIFT_VERSION = 5.0;
			};
			name = Debug;
		};
		"_____Release_" /* Release */ = {
			isa = XCBuildConfiguration;
			baseConfigurationReference = __PBXFileRef_Swiftline.xcodeproj/Configs/Project.xcconfig /* Swiftline.xcodeproj/Configs/Project.xcconfig */;
			buildSettings = {
				MACOSX_DEPLOYMENT_TARGET = 10.13;
				SDKROOT = macosx;
				SWIFT_VERSION = 5.0;
			};
			name = Release;
		};
		"_______Debug_" /* Debug */ = {
			isa = XCBuildConfiguration;
			baseConfigurationReference = __PBXFileRef_Swiftline.xcodeproj/Configs/Project.xcconfig /* Swiftline.xcodeproj/Configs/Project.xcconfig */;
			buildSettings = {
				MACOSX_DEPLOYMENT_TARGET = 10.13;
				SDKROOT = macosx;
				SWIFT_VERSION = 5.0;
			};
			name = Debug;
		};
/* End XCBuildConfiguration section */

/* Begin XCConfigurationList section */
		8B6AA76623042E370008C1D0 /* Build configuration list for PBXNativeTarget "SwiftlineTests" */ = {
			isa = XCConfigurationList;
			buildConfigurations = (
				8B6AA76423042E370008C1D0 /* Debug */,
				8B6AA76523042E370008C1D0 /* Release */,
			);
			defaultConfigurationIsVisible = 0;
			defaultConfigurationName = Debug;
		};
		"___RootConfs_" /* Build configuration list for PBXProject "Swiftline" */ = {
			isa = XCConfigurationList;
			buildConfigurations = (
				"_______Debug_" /* Debug */,
				"_____Release_" /* Release */,
			);
			defaultConfigurationIsVisible = 0;
			defaultConfigurationName = Debug;
		};
		"_______Confs_Swiftline" /* Build configuration list for PBXNativeTarget "Swiftline" */ = {
			isa = XCConfigurationList;
			buildConfigurations = (
				"___DebugConf_Swiftline" /* Debug */,
				_ReleaseConf_Swiftline /* Release */,
			);
			defaultConfigurationIsVisible = 0;
			defaultConfigurationName = Debug;
		};
/* End XCConfigurationList section */

/* Begin XCRemoteSwiftPackageReference section */
		8B6AA7BB23042F8D0008C1D0 /* XCRemoteSwiftPackageReference "Quick" */ = {
			isa = XCRemoteSwiftPackageReference;
			repositoryURL = "git@github.com:Quick/Quick.git";
			requirement = {
				kind = upToNextMajorVersion;
				minimumVersion = 2.1.0;
			};
		};
		8B6AA7C123042FFF0008C1D0 /* XCRemoteSwiftPackageReference "Nimble" */ = {
			isa = XCRemoteSwiftPackageReference;
			repositoryURL = "git@github.com:Quick/Nimble.git";
			requirement = {
				kind = upToNextMajorVersion;
				minimumVersion = 8.0.2;
			};
		};
/* End XCRemoteSwiftPackageReference section */

/* Begin XCSwiftPackageProductDependency section */
		8B6AA7BF23042FD00008C1D0 /* Quick */ = {
			isa = XCSwiftPackageProductDependency;
			package = 8B6AA7BB23042F8D0008C1D0 /* XCRemoteSwiftPackageReference "Quick" */;
			productName = Quick;
		};
		8B6AA7C223042FFF0008C1D0 /* Nimble */ = {
			isa = XCSwiftPackageProductDependency;
			package = 8B6AA7C123042FFF0008C1D0 /* XCRemoteSwiftPackageReference "Nimble" */;
			productName = Nimble;
		};
/* End XCSwiftPackageProductDependency section */
	};
	rootObject = __RootObject_ /* Project object */;
}
