PODS:
  - Nimble (3.0.0)
  - Quick (0.8.0)
  - Swiftline (0.2.0)

DEPENDENCIES:
  - Nimble (~> 3.0.0)
  - Quick (~> 0.8.0)
  - Swiftline (from `../Swiftline.podspec`)

EXTERNAL SOURCES:
  Swiftline:
    :path: "../Swiftline.podspec"

SPEC CHECKSUMS:
  Nimble: 4c353d43735b38b545cbb4cb91504588eb5de926
  Quick: 563d0f6ec5f72e394645adb377708639b7dd38ab
  Swiftline: f183d227aa78069fcce8d00264e50aaf4e71356d

COCOAPODS: 0.39.0
