// !$*UTF8*$!
{
	archiveVersion = 1;
	classes = {
	};
	objectVersion = 46;
	objects = {

/* Begin PBXBuildFile section */
		D72766071BF416AC00126D99 /* Swiftline.h in Headers */ = {isa = PBXBuildFile; fileRef = D72766061BF416AC00126D99 /* Swiftline.h */; settings = {ATTRIBUTES = (Public, ); }; };
		D727660E1BF416AC00126D99 /* Swiftline.framework in Frameworks */ = {isa = PBXBuildFile; fileRef = D72766031BF416AC00126D99 /* Swiftline.framework */; };
		D72766581BF416F700126D99 /* AgreeSettingsTest.swift in Sources */ = {isa = PBXBuildFile; fileRef = D72766501BF416F700126D99 /* AgreeSettingsTest.swift */; };
		D72766591BF416F700126D99 /* ColorizerTest.swift in Sources */ = {isa = PBXBuildFile; fileRef = D72766511BF416F700126D99 /* ColorizerTest.swift */; };
		D727665A1BF416F700126D99 /* RunnerTests.swift in Sources */ = {isa = PBXBuildFile; fileRef = D72766521BF416F700126D99 /* RunnerTests.swift */; };
		D727665B1BF416F700126D99 /* ChooseTests.swift in Sources */ = {isa = PBXBuildFile; fileRef = D72766531BF416F700126D99 /* ChooseTests.swift */; };
		D727665C1BF416F700126D99 /* ChooseSettingsTests.swift in Sources */ = {isa = PBXBuildFile; fileRef = D72766541BF416F700126D99 /* ChooseSettingsTests.swift */; };
		D727665D1BF416F700126D99 /* AskTests.swift in Sources */ = {isa = PBXBuildFile; fileRef = D72766551BF416F700126D99 /* AskTests.swift */; };
		D727665E1BF416F700126D99 /* AskSettingsTests.swift in Sources */ = {isa = PBXBuildFile; fileRef = D72766561BF416F700126D99 /* AskSettingsTests.swift */; };
		D727665F1BF416F700126D99 /* AgreeTests.swift in Sources */ = {isa = PBXBuildFile; fileRef = D72766571BF416F700126D99 /* AgreeTests.swift */; };
		D72E3EBD1C052E2E00B77D49 /* ENVTests.swift in Sources */ = {isa = PBXBuildFile; fileRef = D72E3EBC1C052E2E00B77D49 /* ENVTests.swift */; };
		D72E3EC51C05B4FE00B77D49 /* ArgsTests.swift in Sources */ = {isa = PBXBuildFile; fileRef = D72E3EC41C05B4FE00B77D49 /* ArgsTests.swift */; };
		D77488291D9AE0F2001EC08E /* Nimble.framework in Frameworks */ = {isa = PBXBuildFile; fileRef = D77488271D9AE0F2001EC08E /* Nimble.framework */; };
		D774882A1D9AE0F2001EC08E /* Quick.framework in Frameworks */ = {isa = PBXBuildFile; fileRef = D77488281D9AE0F2001EC08E /* Quick.framework */; };
		D774882B1D9AE10B001EC08E /* Nimble.framework in CopyFiles */ = {isa = PBXBuildFile; fileRef = D77488271D9AE0F2001EC08E /* Nimble.framework */; settings = {ATTRIBUTES = (CodeSignOnCopy, RemoveHeadersOnCopy, ); }; };
		D774882C1D9AE10B001EC08E /* Quick.framework in CopyFiles */ = {isa = PBXBuildFile; fileRef = D77488281D9AE0F2001EC08E /* Quick.framework */; settings = {ATTRIBUTES = (CodeSignOnCopy, RemoveHeadersOnCopy, ); }; };
		D7C7F8BB1C71289A00EA5D29 /* Agree.swift in Sources */ = {isa = PBXBuildFile; fileRef = D7C7F89F1C71289A00EA5D29 /* Agree.swift */; };
		D7C7F8BC1C71289A00EA5D29 /* AgreeSettings.swift in Sources */ = {isa = PBXBuildFile; fileRef = D7C7F8A01C71289A00EA5D29 /* AgreeSettings.swift */; };
		D7C7F8BD1C71289A00EA5D29 /* ArgConvertible.swift in Sources */ = {isa = PBXBuildFile; fileRef = D7C7F8A11C71289A00EA5D29 /* ArgConvertible.swift */; };
		D7C7F8BE1C71289A00EA5D29 /* Args.swift in Sources */ = {isa = PBXBuildFile; fileRef = D7C7F8A21C71289A00EA5D29 /* Args.swift */; };
		D7C7F8BF1C71289A00EA5D29 /* ArgsParser.swift in Sources */ = {isa = PBXBuildFile; fileRef = D7C7F8A31C71289A00EA5D29 /* ArgsParser.swift */; };
		D7C7F8C01C71289A00EA5D29 /* Argument.swift in Sources */ = {isa = PBXBuildFile; fileRef = D7C7F8A41C71289A00EA5D29 /* Argument.swift */; };
		D7C7F8C11C71289A00EA5D29 /* Ask.swift in Sources */ = {isa = PBXBuildFile; fileRef = D7C7F8A51C71289A00EA5D29 /* Ask.swift */; };
		D7C7F8C21C71289A00EA5D29 /* AskerValidator.swift in Sources */ = {isa = PBXBuildFile; fileRef = D7C7F8A61C71289A00EA5D29 /* AskerValidator.swift */; };
		D7C7F8C31C71289A00EA5D29 /* AskSettings.swift in Sources */ = {isa = PBXBuildFile; fileRef = D7C7F8A71C71289A00EA5D29 /* AskSettings.swift */; };
		D7C7F8C41C71289A00EA5D29 /* Choose.swift in Sources */ = {isa = PBXBuildFile; fileRef = D7C7F8A81C71289A00EA5D29 /* Choose.swift */; };
		D7C7F8C51C71289A00EA5D29 /* ChooseSettings.swift in Sources */ = {isa = PBXBuildFile; fileRef = D7C7F8A91C71289A00EA5D29 /* ChooseSettings.swift */; };
		D7C7F8C61C71289A00EA5D29 /* Colorizer.swift in Sources */ = {isa = PBXBuildFile; fileRef = D7C7F8AA1C71289A00EA5D29 /* Colorizer.swift */; };
		D7C7F8C71C71289A00EA5D29 /* CommandExecutor.swift in Sources */ = {isa = PBXBuildFile; fileRef = D7C7F8AB1C71289A00EA5D29 /* CommandExecutor.swift */; };
		D7C7F8C81C71289A00EA5D29 /* Env.swift in Sources */ = {isa = PBXBuildFile; fileRef = D7C7F8AC1C71289A00EA5D29 /* Env.swift */; };
		D7C7F8C91C71289A00EA5D29 /* Glob.swift in Sources */ = {isa = PBXBuildFile; fileRef = D7C7F8AD1C71289A00EA5D29 /* Glob.swift */; };
		D7C7F8CA1C71289A00EA5D29 /* ProcessInfo.swift in Sources */ = {isa = PBXBuildFile; fileRef = D7C7F8AE1C71289A00EA5D29 /* ProcessInfo.swift */; };
		D7C7F8CB1C71289A00EA5D29 /* PromptPrinter.swift in Sources */ = {isa = PBXBuildFile; fileRef = D7C7F8AF1C71289A00EA5D29 /* PromptPrinter.swift */; };
		D7C7F8CC1C71289A00EA5D29 /* PromptReader.swift in Sources */ = {isa = PBXBuildFile; fileRef = D7C7F8B01C71289A00EA5D29 /* PromptReader.swift */; };
		D7C7F8CD1C71289A00EA5D29 /* PromptSettings.swift in Sources */ = {isa = PBXBuildFile; fileRef = D7C7F8B11C71289A00EA5D29 /* PromptSettings.swift */; };
		D7C7F8CE1C71289A00EA5D29 /* Runner.swift in Sources */ = {isa = PBXBuildFile; fileRef = D7C7F8B21C71289A00EA5D29 /* Runner.swift */; };
		D7C7F8CF1C71289A00EA5D29 /* RunnerSettings.swift in Sources */ = {isa = PBXBuildFile; fileRef = D7C7F8B31C71289A00EA5D29 /* RunnerSettings.swift */; };
		D7C7F8D01C71289A00EA5D29 /* RunResults.swift in Sources */ = {isa = PBXBuildFile; fileRef = D7C7F8B41C71289A00EA5D29 /* RunResults.swift */; };
		D7C7F8D11C71289A00EA5D29 /* ShortHandRunner.swift in Sources */ = {isa = PBXBuildFile; fileRef = D7C7F8B51C71289A00EA5D29 /* ShortHandRunner.swift */; };
		D7C7F8D21C71289A00EA5D29 /* StringBackgroundColorizer.swift in Sources */ = {isa = PBXBuildFile; fileRef = D7C7F8B61C71289A00EA5D29 /* StringBackgroundColorizer.swift */; };
		D7C7F8D31C71289A00EA5D29 /* StringForegroundColorizer.swift in Sources */ = {isa = PBXBuildFile; fileRef = D7C7F8B71C71289A00EA5D29 /* StringForegroundColorizer.swift */; };
		D7C7F8D41C71289A00EA5D29 /* StringStyle.swift in Sources */ = {isa = PBXBuildFile; fileRef = D7C7F8B81C71289A00EA5D29 /* StringStyle.swift */; };
		D7C7F8D51C71289A00EA5D29 /* StringStyleColorizer.swift in Sources */ = {isa = PBXBuildFile; fileRef = D7C7F8B91C71289A00EA5D29 /* StringStyleColorizer.swift */; };
		D7C7F8D61C71289A00EA5D29 /* TaskPipe.swift in Sources */ = {isa = PBXBuildFile; fileRef = D7C7F8BA1C71289A00EA5D29 /* TaskPipe.swift */; };
		D7EEFD531C0BEF4500BF0F5D /* GlobTests.swift in Sources */ = {isa = PBXBuildFile; fileRef = D7EEFD521C0BEF4500BF0F5D /* GlobTests.swift */; };
/* End PBXBuildFile section */

/* Begin PBXContainerItemProxy section */
		D727660F1BF416AC00126D99 /* PBXContainerItemProxy */ = {
			isa = PBXContainerItemProxy;
			containerPortal = D72765FA1BF416AC00126D99 /* Project object */;
			proxyType = 1;
			remoteGlobalIDString = D72766021BF416AC00126D99;
			remoteInfo = Swiftline;
		};
/* End PBXContainerItemProxy section */

/* Begin PBXCopyFilesBuildPhase section */
		D72766641BF417A000126D99 /* CopyFiles */ = {
			isa = PBXCopyFilesBuildPhase;
			buildActionMask = 2147483647;
			dstPath = "";
			dstSubfolderSpec = 10;
			files = (
				D774882B1D9AE10B001EC08E /* Nimble.framework in CopyFiles */,
				D774882C1D9AE10B001EC08E /* Quick.framework in CopyFiles */,
			);
			runOnlyForDeploymentPostprocessing = 0;
		};
/* End PBXCopyFilesBuildPhase section */

/* Begin PBXFileReference section */
		D72766031BF416AC00126D99 /* Swiftline.framework */ = {isa = PBXFileReference; explicitFileType = wrapper.framework; includeInIndex = 0; path = Swiftline.framework; sourceTree = BUILT_PRODUCTS_DIR; };
		D72766061BF416AC00126D99 /* Swiftline.h */ = {isa = PBXFileReference; lastKnownFileType = sourcecode.c.h; path = Swiftline.h; sourceTree = "<group>"; };
		D72766081BF416AC00126D99 /* Info.plist */ = {isa = PBXFileReference; lastKnownFileType = text.plist.xml; path = Info.plist; sourceTree = "<group>"; };
		D727660D1BF416AC00126D99 /* SwiftlineTests.xctest */ = {isa = PBXFileReference; explicitFileType = wrapper.cfbundle; includeInIndex = 0; path = SwiftlineTests.xctest; sourceTree = BUILT_PRODUCTS_DIR; };
		D72766141BF416AC00126D99 /* Info.plist */ = {isa = PBXFileReference; lastKnownFileType = text.plist.xml; path = Info.plist; sourceTree = "<group>"; };
		D72766501BF416F700126D99 /* AgreeSettingsTest.swift */ = {isa = PBXFileReference; fileEncoding = 4; lastKnownFileType = sourcecode.swift; path = AgreeSettingsTest.swift; sourceTree = "<group>"; };
		D72766511BF416F700126D99 /* ColorizerTest.swift */ = {isa = PBXFileReference; fileEncoding = 4; lastKnownFileType = sourcecode.swift; path = ColorizerTest.swift; sourceTree = "<group>"; };
		D72766521BF416F700126D99 /* RunnerTests.swift */ = {isa = PBXFileReference; fileEncoding = 4; lastKnownFileType = sourcecode.swift; path = RunnerTests.swift; sourceTree = "<group>"; };
		D72766531BF416F700126D99 /* ChooseTests.swift */ = {isa = PBXFileReference; fileEncoding = 4; lastKnownFileType = sourcecode.swift; path = ChooseTests.swift; sourceTree = "<group>"; };
		D72766541BF416F700126D99 /* ChooseSettingsTests.swift */ = {isa = PBXFileReference; fileEncoding = 4; lastKnownFileType = sourcecode.swift; path = ChooseSettingsTests.swift; sourceTree = "<group>"; };
		D72766551BF416F700126D99 /* AskTests.swift */ = {isa = PBXFileReference; fileEncoding = 4; lastKnownFileType = sourcecode.swift; path = AskTests.swift; sourceTree = "<group>"; };
		D72766561BF416F700126D99 /* AskSettingsTests.swift */ = {isa = PBXFileReference; fileEncoding = 4; lastKnownFileType = sourcecode.swift; path = AskSettingsTests.swift; sourceTree = "<group>"; };
		D72766571BF416F700126D99 /* AgreeTests.swift */ = {isa = PBXFileReference; fileEncoding = 4; lastKnownFileType = sourcecode.swift; path = AgreeTests.swift; sourceTree = "<group>"; };
		D72E3EBC1C052E2E00B77D49 /* ENVTests.swift */ = {isa = PBXFileReference; fileEncoding = 4; lastKnownFileType = sourcecode.swift; path = ENVTests.swift; sourceTree = "<group>"; };
		D72E3EC41C05B4FE00B77D49 /* ArgsTests.swift */ = {isa = PBXFileReference; fileEncoding = 4; lastKnownFileType = sourcecode.swift; path = ArgsTests.swift; sourceTree = "<group>"; };
		D77488271D9AE0F2001EC08E /* Nimble.framework */ = {isa = PBXFileReference; lastKnownFileType = wrapper.framework; name = Nimble.framework; path = Carthage/Build/Mac/Nimble.framework; sourceTree = SOURCE_ROOT; };
		D77488281D9AE0F2001EC08E /* Quick.framework */ = {isa = PBXFileReference; lastKnownFileType = wrapper.framework; name = Quick.framework; path = Carthage/Build/Mac/Quick.framework; sourceTree = SOURCE_ROOT; };
		D7C7F89F1C71289A00EA5D29 /* Agree.swift */ = {isa = PBXFileReference; fileEncoding = 4; lastKnownFileType = sourcecode.swift; name = Agree.swift; path = ../../Source/Agree.swift; sourceTree = "<group>"; };
		D7C7F8A01C71289A00EA5D29 /* AgreeSettings.swift */ = {isa = PBXFileReference; fileEncoding = 4; lastKnownFileType = sourcecode.swift; name = AgreeSettings.swift; path = ../../Source/AgreeSettings.swift; sourceTree = "<group>"; };
		D7C7F8A11C71289A00EA5D29 /* ArgConvertible.swift */ = {isa = PBXFileReference; fileEncoding = 4; lastKnownFileType = sourcecode.swift; name = ArgConvertible.swift; path = ../../Source/ArgConvertible.swift; sourceTree = "<group>"; };
		D7C7F8A21C71289A00EA5D29 /* Args.swift */ = {isa = PBXFileReference; fileEncoding = 4; lastKnownFileType = sourcecode.swift; name = Args.swift; path = ../../Source/Args.swift; sourceTree = "<group>"; };
		D7C7F8A31C71289A00EA5D29 /* ArgsParser.swift */ = {isa = PBXFileReference; fileEncoding = 4; lastKnownFileType = sourcecode.swift; name = ArgsParser.swift; path = ../../Source/ArgsParser.swift; sourceTree = "<group>"; };
		D7C7F8A41C71289A00EA5D29 /* Argument.swift */ = {isa = PBXFileReference; fileEncoding = 4; lastKnownFileType = sourcecode.swift; name = Argument.swift; path = ../../Source/Argument.swift; sourceTree = "<group>"; };
		D7C7F8A51C71289A00EA5D29 /* Ask.swift */ = {isa = PBXFileReference; fileEncoding = 4; lastKnownFileType = sourcecode.swift; name = Ask.swift; path = ../../Source/Ask.swift; sourceTree = "<group>"; };
		D7C7F8A61C71289A00EA5D29 /* AskerValidator.swift */ = {isa = PBXFileReference; fileEncoding = 4; lastKnownFileType = sourcecode.swift; name = AskerValidator.swift; path = ../../Source/AskerValidator.swift; sourceTree = "<group>"; };
		D7C7F8A71C71289A00EA5D29 /* AskSettings.swift */ = {isa = PBXFileReference; fileEncoding = 4; lastKnownFileType = sourcecode.swift; name = AskSettings.swift; path = ../../Source/AskSettings.swift; sourceTree = "<group>"; };
		D7C7F8A81C71289A00EA5D29 /* Choose.swift */ = {isa = PBXFileReference; fileEncoding = 4; lastKnownFileType = sourcecode.swift; name = Choose.swift; path = ../../Source/Choose.swift; sourceTree = "<group>"; };
		D7C7F8A91C71289A00EA5D29 /* ChooseSettings.swift */ = {isa = PBXFileReference; fileEncoding = 4; lastKnownFileType = sourcecode.swift; name = ChooseSettings.swift; path = ../../Source/ChooseSettings.swift; sourceTree = "<group>"; };
		D7C7F8AA1C71289A00EA5D29 /* Colorizer.swift */ = {isa = PBXFileReference; fileEncoding = 4; lastKnownFileType = sourcecode.swift; name = Colorizer.swift; path = ../../Source/Colorizer.swift; sourceTree = "<group>"; };
		D7C7F8AB1C71289A00EA5D29 /* CommandExecutor.swift */ = {isa = PBXFileReference; fileEncoding = 4; lastKnownFileType = sourcecode.swift; name = CommandExecutor.swift; path = ../../Source/CommandExecutor.swift; sourceTree = "<group>"; };
		D7C7F8AC1C71289A00EA5D29 /* Env.swift */ = {isa = PBXFileReference; fileEncoding = 4; lastKnownFileType = sourcecode.swift; name = Env.swift; path = ../../Source/Env.swift; sourceTree = "<group>"; };
		D7C7F8AD1C71289A00EA5D29 /* Glob.swift */ = {isa = PBXFileReference; fileEncoding = 4; lastKnownFileType = sourcecode.swift; name = Glob.swift; path = ../../Source/Glob.swift; sourceTree = "<group>"; };
		D7C7F8AE1C71289A00EA5D29 /* ProcessInfo.swift */ = {isa = PBXFileReference; fileEncoding = 4; lastKnownFileType = sourcecode.swift; name = ProcessInfo.swift; path = ../../Source/ProcessInfo.swift; sourceTree = "<group>"; };
		D7C7F8AF1C71289A00EA5D29 /* PromptPrinter.swift */ = {isa = PBXFileReference; fileEncoding = 4; lastKnownFileType = sourcecode.swift; name = PromptPrinter.swift; path = ../../Source/PromptPrinter.swift; sourceTree = "<group>"; };
		D7C7F8B01C71289A00EA5D29 /* PromptReader.swift */ = {isa = PBXFileReference; fileEncoding = 4; lastKnownFileType = sourcecode.swift; name = PromptReader.swift; path = ../../Source/PromptReader.swift; sourceTree = "<group>"; };
		D7C7F8B11C71289A00EA5D29 /* PromptSettings.swift */ = {isa = PBXFileReference; fileEncoding = 4; lastKnownFileType = sourcecode.swift; name = PromptSettings.swift; path = ../../Source/PromptSettings.swift; sourceTree = "<group>"; };
		D7C7F8B21C71289A00EA5D29 /* Runner.swift */ = {isa = PBXFileReference; fileEncoding = 4; lastKnownFileType = sourcecode.swift; name = Runner.swift; path = ../../Source/Runner.swift; sourceTree = "<group>"; };
		D7C7F8B31C71289A00EA5D29 /* RunnerSettings.swift */ = {isa = PBXFileReference; fileEncoding = 4; lastKnownFileType = sourcecode.swift; name = RunnerSettings.swift; path = ../../Source/RunnerSettings.swift; sourceTree = "<group>"; };
		D7C7F8B41C71289A00EA5D29 /* RunResults.swift */ = {isa = PBXFileReference; fileEncoding = 4; lastKnownFileType = sourcecode.swift; name = RunResults.swift; path = ../../Source/RunResults.swift; sourceTree = "<group>"; };
		D7C7F8B51C71289A00EA5D29 /* ShortHandRunner.swift */ = {isa = PBXFileReference; fileEncoding = 4; lastKnownFileType = sourcecode.swift; name = ShortHandRunner.swift; path = ../../Source/ShortHandRunner.swift; sourceTree = "<group>"; };
		D7C7F8B61C71289A00EA5D29 /* StringBackgroundColorizer.swift */ = {isa = PBXFileReference; fileEncoding = 4; lastKnownFileType = sourcecode.swift; name = StringBackgroundColorizer.swift; path = ../../Source/StringBackgroundColorizer.swift; sourceTree = "<group>"; };
		D7C7F8B71C71289A00EA5D29 /* StringForegroundColorizer.swift */ = {isa = PBXFileReference; fileEncoding = 4; lastKnownFileType = sourcecode.swift; name = StringForegroundColorizer.swift; path = ../../Source/StringForegroundColorizer.swift; sourceTree = "<group>"; };
		D7C7F8B81C71289A00EA5D29 /* StringStyle.swift */ = {isa = PBXFileReference; fileEncoding = 4; lastKnownFileType = sourcecode.swift; name = StringStyle.swift; path = ../../Source/StringStyle.swift; sourceTree = "<group>"; };
		D7C7F8B91C71289A00EA5D29 /* StringStyleColorizer.swift */ = {isa = PBXFileReference; fileEncoding = 4; lastKnownFileType = sourcecode.swift; name = StringStyleColorizer.swift; path = ../../Source/StringStyleColorizer.swift; sourceTree = "<group>"; };
		D7C7F8BA1C71289A00EA5D29 /* TaskPipe.swift */ = {isa = PBXFileReference; fileEncoding = 4; lastKnownFileType = sourcecode.swift; name = TaskPipe.swift; path = ../../Source/TaskPipe.swift; sourceTree = "<group>"; };
		D7EEFD521C0BEF4500BF0F5D /* GlobTests.swift */ = {isa = PBXFileReference; fileEncoding = 4; lastKnownFileType = sourcecode.swift; path = GlobTests.swift; sourceTree = "<group>"; };
/* End PBXFileReference section */

/* Begin PBXFrameworksBuildPhase section */
		D72765FF1BF416AC00126D99 /* Frameworks */ = {
			isa = PBXFrameworksBuildPhase;
			buildActionMask = 2147483647;
			files = (
			);
			runOnlyForDeploymentPostprocessing = 0;
		};
		D727660A1BF416AC00126D99 /* Frameworks */ = {
			isa = PBXFrameworksBuildPhase;
			buildActionMask = 2147483647;
			files = (
				D727660E1BF416AC00126D99 /* Swiftline.framework in Frameworks */,
				D77488291D9AE0F2001EC08E /* Nimble.framework in Frameworks */,
				D774882A1D9AE0F2001EC08E /* Quick.framework in Frameworks */,
			);
			runOnlyForDeploymentPostprocessing = 0;
		};
/* End PBXFrameworksBuildPhase section */

/* Begin PBXGroup section */
		D72765F91BF416AC00126D99 = {
			isa = PBXGroup;
			children = (
				D72766051BF416AC00126D99 /* Swiftline */,
				D72766111BF416AC00126D99 /* SwiftlineTests */,
				D72766041BF416AC00126D99 /* Products */,
			);
			sourceTree = "<group>";
		};
		D72766041BF416AC00126D99 /* Products */ = {
			isa = PBXGroup;
			children = (
				D72766031BF416AC00126D99 /* Swiftline.framework */,
				D727660D1BF416AC00126D99 /* SwiftlineTests.xctest */,
			);
			name = Products;
			sourceTree = "<group>";
		};
		D72766051BF416AC00126D99 /* Swiftline */ = {
			isa = PBXGroup;
			children = (
				D7C7F89F1C71289A00EA5D29 /* Agree.swift */,
				D7C7F8A01C71289A00EA5D29 /* AgreeSettings.swift */,
				D7C7F8A11C71289A00EA5D29 /* ArgConvertible.swift */,
				D7C7F8A21C71289A00EA5D29 /* Args.swift */,
				D7C7F8A31C71289A00EA5D29 /* ArgsParser.swift */,
				D7C7F8A41C71289A00EA5D29 /* Argument.swift */,
				D7C7F8A51C71289A00EA5D29 /* Ask.swift */,
				D7C7F8A61C71289A00EA5D29 /* AskerValidator.swift */,
				D7C7F8A71C71289A00EA5D29 /* AskSettings.swift */,
				D7C7F8A81C71289A00EA5D29 /* Choose.swift */,
				D7C7F8A91C71289A00EA5D29 /* ChooseSettings.swift */,
				D7C7F8AA1C71289A00EA5D29 /* Colorizer.swift */,
				D7C7F8AB1C71289A00EA5D29 /* CommandExecutor.swift */,
				D7C7F8AC1C71289A00EA5D29 /* Env.swift */,
				D7C7F8AD1C71289A00EA5D29 /* Glob.swift */,
				D7C7F8AE1C71289A00EA5D29 /* ProcessInfo.swift */,
				D7C7F8AF1C71289A00EA5D29 /* PromptPrinter.swift */,
				D7C7F8B01C71289A00EA5D29 /* PromptReader.swift */,
				D7C7F8B11C71289A00EA5D29 /* PromptSettings.swift */,
				D7C7F8B21C71289A00EA5D29 /* Runner.swift */,
				D7C7F8B31C71289A00EA5D29 /* RunnerSettings.swift */,
				D7C7F8B41C71289A00EA5D29 /* RunResults.swift */,
				D7C7F8B51C71289A00EA5D29 /* ShortHandRunner.swift */,
				D7C7F8B61C71289A00EA5D29 /* StringBackgroundColorizer.swift */,
				D7C7F8B71C71289A00EA5D29 /* StringForegroundColorizer.swift */,
				D7C7F8B81C71289A00EA5D29 /* StringStyle.swift */,
				D7C7F8B91C71289A00EA5D29 /* StringStyleColorizer.swift */,
				D7C7F8BA1C71289A00EA5D29 /* TaskPipe.swift */,
				D72766061BF416AC00126D99 /* Swiftline.h */,
				D72766081BF416AC00126D99 /* Info.plist */,
			);
			path = Swiftline;
			sourceTree = "<group>";
		};
		D72766111BF416AC00126D99 /* SwiftlineTests */ = {
			isa = PBXGroup;
			children = (
				D77488271D9AE0F2001EC08E /* Nimble.framework */,
				D77488281D9AE0F2001EC08E /* Quick.framework */,
				D72766501BF416F700126D99 /* AgreeSettingsTest.swift */,
				D72766511BF416F700126D99 /* ColorizerTest.swift */,
				D72766521BF416F700126D99 /* RunnerTests.swift */,
				D72766531BF416F700126D99 /* ChooseTests.swift */,
				D72766541BF416F700126D99 /* ChooseSettingsTests.swift */,
				D72766551BF416F700126D99 /* AskTests.swift */,
				D72766561BF416F700126D99 /* AskSettingsTests.swift */,
				D72766571BF416F700126D99 /* AgreeTests.swift */,
				D72766141BF416AC00126D99 /* Info.plist */,
				D72E3EBC1C052E2E00B77D49 /* ENVTests.swift */,
				D72E3EC41C05B4FE00B77D49 /* ArgsTests.swift */,
				D7EEFD521C0BEF4500BF0F5D /* GlobTests.swift */,
			);
			path = SwiftlineTests;
			sourceTree = "<group>";
		};
/* End PBXGroup section */

/* Begin PBXHeadersBuildPhase section */
		D72766001BF416AC00126D99 /* Headers */ = {
			isa = PBXHeadersBuildPhase;
			buildActionMask = 2147483647;
			files = (
				D72766071BF416AC00126D99 /* Swiftline.h in Headers */,
			);
			runOnlyForDeploymentPostprocessing = 0;
		};
/* End PBXHeadersBuildPhase section */

/* Begin PBXNativeTarget section */
		D72766021BF416AC00126D99 /* Swiftline */ = {
			isa = PBXNativeTarget;
			buildConfigurationList = D72766171BF416AC00126D99 /* Build configuration list for PBXNativeTarget "Swiftline" */;
			buildPhases = (
				D72765FE1BF416AC00126D99 /* Sources */,
				D72765FF1BF416AC00126D99 /* Frameworks */,
				D72766001BF416AC00126D99 /* Headers */,
				D72766011BF416AC00126D99 /* Resources */,
			);
			buildRules = (
			);
			dependencies = (
			);
			name = Swiftline;
			productName = Swiftline;
			productReference = D72766031BF416AC00126D99 /* Swiftline.framework */;
			productType = "com.apple.product-type.framework";
		};
		D727660C1BF416AC00126D99 /* SwiftlineTests */ = {
			isa = PBXNativeTarget;
			buildConfigurationList = D727661A1BF416AC00126D99 /* Build configuration list for PBXNativeTarget "SwiftlineTests" */;
			buildPhases = (
				D72766091BF416AC00126D99 /* Sources */,
				D727660A1BF416AC00126D99 /* Frameworks */,
				D727660B1BF416AC00126D99 /* Resources */,
				D72766641BF417A000126D99 /* CopyFiles */,
			);
			buildRules = (
			);
			dependencies = (
				D72766101BF416AC00126D99 /* PBXTargetDependency */,
			);
			name = SwiftlineTests;
			productName = SwiftlineTests;
			productReference = D727660D1BF416AC00126D99 /* SwiftlineTests.xctest */;
			productType = "com.apple.product-type.bundle.unit-test";
		};
/* End PBXNativeTarget section */

/* Begin PBXProject section */
		D72765FA1BF416AC00126D99 /* Project object */ = {
			isa = PBXProject;
			attributes = {
				LastSwiftUpdateCheck = 0720;
				LastUpgradeCheck = 0710;
				ORGANIZATIONNAME = "Omar Abdelhafith";
				TargetAttributes = {
					D72766021BF416AC00126D99 = {
						CreatedOnToolsVersion = 7.1.1;
					};
					D727660C1BF416AC00126D99 = {
						CreatedOnToolsVersion = 7.1.1;
						LastSwiftMigration = 0800;
					};
				};
			};
			buildConfigurationList = D72765FD1BF416AC00126D99 /* Build configuration list for PBXProject "Swiftline" */;
			compatibilityVersion = "Xcode 3.2";
			developmentRegion = English;
			hasScannedForEncodings = 0;
			knownRegions = (
				en,
			);
			mainGroup = D72765F91BF416AC00126D99;
			productRefGroup = D72766041BF416AC00126D99 /* Products */;
			projectDirPath = "";
			projectRoot = "";
			targets = (
				D72766021BF416AC00126D99 /* Swiftline */,
				D727660C1BF416AC00126D99 /* SwiftlineTests */,
			);
		};
/* End PBXProject section */

/* Begin PBXResourcesBuildPhase section */
		D72766011BF416AC00126D99 /* Resources */ = {
			isa = PBXResourcesBuildPhase;
			buildActionMask = 2147483647;
			files = (
			);
			runOnlyForDeploymentPostprocessing = 0;
		};
		D727660B1BF416AC00126D99 /* Resources */ = {
			isa = PBXResourcesBuildPhase;
			buildActionMask = 2147483647;
			files = (
			);
			runOnlyForDeploymentPostprocessing = 0;
		};
/* End PBXResourcesBuildPhase section */

/* Begin PBXSourcesBuildPhase section */
		D72765FE1BF416AC00126D99 /* Sources */ = {
			isa = PBXSourcesBuildPhase;
			buildActionMask = 2147483647;
			files = (
				D7C7F8CD1C71289A00EA5D29 /* PromptSettings.swift in Sources */,
				D7C7F8C41C71289A00EA5D29 /* Choose.swift in Sources */,
				D7C7F8C91C71289A00EA5D29 /* Glob.swift in Sources */,
				D7C7F8BB1C71289A00EA5D29 /* Agree.swift in Sources */,
				D7C7F8BD1C71289A00EA5D29 /* ArgConvertible.swift in Sources */,
				D7C7F8CB1C71289A00EA5D29 /* PromptPrinter.swift in Sources */,
				D7C7F8C71C71289A00EA5D29 /* CommandExecutor.swift in Sources */,
				D7C7F8BE1C71289A00EA5D29 /* Args.swift in Sources */,
				D7C7F8C21C71289A00EA5D29 /* AskerValidator.swift in Sources */,
				D7C7F8CA1C71289A00EA5D29 /* ProcessInfo.swift in Sources */,
				D7C7F8D21C71289A00EA5D29 /* StringBackgroundColorizer.swift in Sources */,
				D7C7F8BF1C71289A00EA5D29 /* ArgsParser.swift in Sources */,
				D7C7F8C11C71289A00EA5D29 /* Ask.swift in Sources */,
				D7C7F8D01C71289A00EA5D29 /* RunResults.swift in Sources */,
				D7C7F8D51C71289A00EA5D29 /* StringStyleColorizer.swift in Sources */,
				D7C7F8C51C71289A00EA5D29 /* ChooseSettings.swift in Sources */,
				D7C7F8CC1C71289A00EA5D29 /* PromptReader.swift in Sources */,
				D7C7F8CF1C71289A00EA5D29 /* RunnerSettings.swift in Sources */,
				D7C7F8D31C71289A00EA5D29 /* StringForegroundColorizer.swift in Sources */,
				D7C7F8C31C71289A00EA5D29 /* AskSettings.swift in Sources */,
				D7C7F8D11C71289A00EA5D29 /* ShortHandRunner.swift in Sources */,
				D7C7F8C01C71289A00EA5D29 /* Argument.swift in Sources */,
				D7C7F8D61C71289A00EA5D29 /* TaskPipe.swift in Sources */,
				D7C7F8BC1C71289A00EA5D29 /* AgreeSettings.swift in Sources */,
				D7C7F8CE1C71289A00EA5D29 /* Runner.swift in Sources */,
				D7C7F8C61C71289A00EA5D29 /* Colorizer.swift in Sources */,
				D7C7F8D41C71289A00EA5D29 /* StringStyle.swift in Sources */,
				D7C7F8C81C71289A00EA5D29 /* Env.swift in Sources */,
			);
			runOnlyForDeploymentPostprocessing = 0;
		};
		D72766091BF416AC00126D99 /* Sources */ = {
			isa = PBXSourcesBuildPhase;
			buildActionMask = 2147483647;
			files = (
				D72E3EBD1C052E2E00B77D49 /* ENVTests.swift in Sources */,
				D727665B1BF416F700126D99 /* ChooseTests.swift in Sources */,
				D727665D1BF416F700126D99 /* AskTests.swift in Sources */,
				D727665F1BF416F700126D99 /* AgreeTests.swift in Sources */,
				D727665E1BF416F700126D99 /* AskSettingsTests.swift in Sources */,
				D72766581BF416F700126D99 /* AgreeSettingsTest.swift in Sources */,
				D727665A1BF416F700126D99 /* RunnerTests.swift in Sources */,
				D727665C1BF416F700126D99 /* ChooseSettingsTests.swift in Sources */,
				D7EEFD531C0BEF4500BF0F5D /* GlobTests.swift in Sources */,
				D72E3EC51C05B4FE00B77D49 /* ArgsTests.swift in Sources */,
				D72766591BF416F700126D99 /* ColorizerTest.swift in Sources */,
			);
			runOnlyForDeploymentPostprocessing = 0;
		};
/* End PBXSourcesBuildPhase section */

/* Begin PBXTargetDependency section */
		D72766101BF416AC00126D99 /* PBXTargetDependency */ = {
			isa = PBXTargetDependency;
			target = D72766021BF416AC00126D99 /* Swiftline */;
			targetProxy = D727660F1BF416AC00126D99 /* PBXContainerItemProxy */;
		};
/* End PBXTargetDependency section */

/* Begin XCBuildConfiguration section */
		D72766151BF416AC00126D99 /* Debug */ = {
			isa = XCBuildConfiguration;
			buildSettings = {
				ALWAYS_SEARCH_USER_PATHS = NO;
				CLANG_CXX_LANGUAGE_STANDARD = "gnu++0x";
				CLANG_CXX_LIBRARY = "libc++";
				CLANG_ENABLE_MODULES = YES;
				CLANG_ENABLE_OBJC_ARC = YES;
				CLANG_WARN_BOOL_CONVERSION = YES;
				CLANG_WARN_CONSTANT_CONVERSION = YES;
				CLANG_WARN_DIRECT_OBJC_ISA_USAGE = YES_ERROR;
				CLANG_WARN_EMPTY_BODY = YES;
				CLANG_WARN_ENUM_CONVERSION = YES;
				CLANG_WARN_INT_CONVERSION = YES;
				CLANG_WARN_OBJC_ROOT_CLASS = YES_ERROR;
				CLANG_WARN_UNREACHABLE_CODE = YES;
				CLANG_WARN__DUPLICATE_METHOD_MATCH = YES;
				CODE_SIGN_IDENTITY = "-";
				COPY_PHASE_STRIP = NO;
				CURRENT_PROJECT_VERSION = 1;
				DEBUG_INFORMATION_FORMAT = dwarf;
				ENABLE_STRICT_OBJC_MSGSEND = YES;
				ENABLE_TESTABILITY = YES;
				GCC_C_LANGUAGE_STANDARD = gnu99;
				GCC_DYNAMIC_NO_PIC = NO;
				GCC_NO_COMMON_BLOCKS = YES;
				GCC_OPTIMIZATION_LEVEL = 0;
				GCC_PREPROCESSOR_DEFINITIONS = (
					"DEBUG=1",
					"$(inherited)",
				);
				GCC_WARN_64_TO_32_BIT_CONVERSION = YES;
				GCC_WARN_ABOUT_RETURN_TYPE = YES_ERROR;
				GCC_WARN_UNDECLARED_SELECTOR = YES;
				GCC_WARN_UNINITIALIZED_AUTOS = YES_AGGRESSIVE;
				GCC_WARN_UNUSED_FUNCTION = YES;
				GCC_WARN_UNUSED_VARIABLE = YES;
				MACOSX_DEPLOYMENT_TARGET = 10.11;
				MTL_ENABLE_DEBUG_INFO = YES;
				ONLY_ACTIVE_ARCH = YES;
				SDKROOT = macosx;
				SWIFT_OPTIMIZATION_LEVEL = "-Onone";
				VERSIONING_SYSTEM = "apple-generic";
				VERSION_INFO_PREFIX = "";
			};
			name = Debug;
		};
		D72766161BF416AC00126D99 /* Release */ = {
			isa = XCBuildConfiguration;
			buildSettings = {
				ALWAYS_SEARCH_USER_PATHS = NO;
				CLANG_CXX_LANGUAGE_STANDARD = "gnu++0x";
				CLANG_CXX_LIBRARY = "libc++";
				CLANG_ENABLE_MODULES = YES;
				CLANG_ENABLE_OBJC_ARC = YES;
				CLANG_WARN_BOOL_CONVERSION = YES;
				CLANG_WARN_CONSTANT_CONVERSION = YES;
				CLANG_WARN_DIRECT_OBJC_ISA_USAGE = YES_ERROR;
				CLANG_WARN_EMPTY_BODY = YES;
				CLANG_WARN_ENUM_CONVERSION = YES;
				CLANG_WARN_INT_CONVERSION = YES;
				CLANG_WARN_OBJC_ROOT_CLASS = YES_ERROR;
				CLANG_WARN_UNREACHABLE_CODE = YES;
				CLANG_WARN__DUPLICATE_METHOD_MATCH = YES;
				CODE_SIGN_IDENTITY = "-";
				COPY_PHASE_STRIP = NO;
				CURRENT_PROJECT_VERSION = 1;
				DEBUG_INFORMATION_FORMAT = "dwarf-with-dsym";
				ENABLE_NS_ASSERTIONS = NO;
				ENABLE_STRICT_OBJC_MSGSEND = YES;
				GCC_C_LANGUAGE_STANDARD = gnu99;
				GCC_NO_COMMON_BLOCKS = YES;
				GCC_WARN_64_TO_32_BIT_CONVERSION = YES;
				GCC_WARN_ABOUT_RETURN_TYPE = YES_ERROR;
				GCC_WARN_UNDECLARED_SELECTOR = YES;
				GCC_WARN_UNINITIALIZED_AUTOS = YES_AGGRESSIVE;
				GCC_WARN_UNUSED_FUNCTION = YES;
				GCC_WARN_UNUSED_VARIABLE = YES;
				MACOSX_DEPLOYMENT_TARGET = 10.11;
				MTL_ENABLE_DEBUG_INFO = NO;
				SDKROOT = macosx;
				VERSIONING_SYSTEM = "apple-generic";
				VERSION_INFO_PREFIX = "";
			};
			name = Release;
		};
		D72766181BF416AC00126D99 /* Debug */ = {
			isa = XCBuildConfiguration;
			buildSettings = {
				CLANG_ENABLE_MODULES = YES;
				CODE_SIGN_IDENTITY = "";
				COMBINE_HIDPI_IMAGES = YES;
				DEFINES_MODULE = YES;
				DYLIB_COMPATIBILITY_VERSION = 1;
				DYLIB_CURRENT_VERSION = 1;
				DYLIB_INSTALL_NAME_BASE = "@rpath";
				FRAMEWORK_VERSION = A;
				INFOPLIST_FILE = Swiftline/Info.plist;
				INSTALL_PATH = "$(LOCAL_LIBRARY_DIR)/Frameworks";
				LD_RUNPATH_SEARCH_PATHS = "$(inherited) @executable_path/../Frameworks @loader_path/Frameworks";
				MACOSX_DEPLOYMENT_TARGET = 10.9;
				PRODUCT_BUNDLE_IDENTIFIER = nsomar.Swiftline;
				PRODUCT_NAME = "$(TARGET_NAME)";
				SKIP_INSTALL = YES;
				SWIFT_OPTIMIZATION_LEVEL = "-Onone";
				SWIFT_VERSION = 3.0;
			};
			name = Debug;
		};
		D72766191BF416AC00126D99 /* Release */ = {
			isa = XCBuildConfiguration;
			buildSettings = {
				CLANG_ENABLE_MODULES = YES;
				CODE_SIGN_IDENTITY = "";
				COMBINE_HIDPI_IMAGES = YES;
				DEFINES_MODULE = YES;
				DYLIB_COMPATIBILITY_VERSION = 1;
				DYLIB_CURRENT_VERSION = 1;
				DYLIB_INSTALL_NAME_BASE = "@rpath";
				FRAMEWORK_VERSION = A;
				INFOPLIST_FILE = Swiftline/Info.plist;
				INSTALL_PATH = "$(LOCAL_LIBRARY_DIR)/Frameworks";
				LD_RUNPATH_SEARCH_PATHS = "$(inherited) @executable_path/../Frameworks @loader_path/Frameworks";
				MACOSX_DEPLOYMENT_TARGET = 10.9;
				PRODUCT_BUNDLE_IDENTIFIER = nsomar.Swiftline;
				PRODUCT_NAME = "$(TARGET_NAME)";
				SKIP_INSTALL = YES;
				SWIFT_VERSION = 3.0;
			};
			name = Release;
		};
		D727661B1BF416AC00126D99 /* Debug */ = {
			isa = XCBuildConfiguration;
			buildSettings = {
				CLANG_ENABLE_MODULES = YES;
				COMBINE_HIDPI_IMAGES = YES;
				FRAMEWORK_SEARCH_PATHS = (
					"$(inherited)",
					"$(PROJECT_DIR)/Rome",
					"$(PROJECT_DIR)/Carthage/Build/Mac",
				);
				INFOPLIST_FILE = SwiftlineTests/Info.plist;
				LD_RUNPATH_SEARCH_PATHS = "$(inherited) @executable_path/../Frameworks @loader_path/../Frameworks";
				PRODUCT_BUNDLE_IDENTIFIER = nsomar.SwiftlineTests;
				PRODUCT_NAME = "$(TARGET_NAME)";
				SWIFT_OPTIMIZATION_LEVEL = "-Onone";
				SWIFT_VERSION = 3.0;
			};
			name = Debug;
		};
		D727661C1BF416AC00126D99 /* Release */ = {
			isa = XCBuildConfiguration;
			buildSettings = {
				CLANG_ENABLE_MODULES = YES;
				COMBINE_HIDPI_IMAGES = YES;
				FRAMEWORK_SEARCH_PATHS = (
					"$(inherited)",
					"$(PROJECT_DIR)/Rome",
					"$(PROJECT_DIR)/Carthage/Build/Mac",
				);
				INFOPLIST_FILE = SwiftlineTests/Info.plist;
				LD_RUNPATH_SEARCH_PATHS = "$(inherited) @executable_path/../Frameworks @loader_path/../Frameworks";
				PRODUCT_BUNDLE_IDENTIFIER = nsomar.SwiftlineTests;
				PRODUCT_NAME = "$(TARGET_NAME)";
				SWIFT_VERSION = 3.0;
			};
			name = Release;
		};
/* End XCBuildConfiguration section */

/* Begin XCConfigurationList section */
		D72765FD1BF416AC00126D99 /* Build configuration list for PBXProject "Swiftline" */ = {
			isa = XCConfigurationList;
			buildConfigurations = (
				D72766151BF416AC00126D99 /* Debug */,
				D72766161BF416AC00126D99 /* Release */,
			);
			defaultConfigurationIsVisible = 0;
			defaultConfigurationName = Release;
		};
		D72766171BF416AC00126D99 /* Build configuration list for PBXNativeTarget "Swiftline" */ = {
			isa = XCConfigurationList;
			buildConfigurations = (
				D72766181BF416AC00126D99 /* Debug */,
				D72766191BF416AC00126D99 /* Release */,
			);
			defaultConfigurationIsVisible = 0;
			defaultConfigurationName = Release;
		};
		D727661A1BF416AC00126D99 /* Build configuration list for PBXNativeTarget "SwiftlineTests" */ = {
			isa = XCConfigurationList;
			buildConfigurations = (
				D727661B1BF416AC00126D99 /* Debug */,
				D727661C1BF416AC00126D99 /* Release */,
			);
			defaultConfigurationIsVisible = 0;
			defaultConfigurationName = Release;
		};
/* End XCConfigurationList section */
	};
	rootObject = D72765FA1BF416AC00126D99 /* Project object */;
}
